
Microsoft Visual Studio Solution File, Format Version 12.00
# Visual Studio 2013
VisualStudioVersion = 12.0.21005.1
MinimumVisualStudioVersion = 10.0.40219.1
Project("{FAE04EC0-301F-11D3-BF4B-00C04F79EFBC}") = "Biblioteca.Web", "Biblioteca.Web\Biblioteca.Web.csproj", "{5069B405-A0E2-4A24-AA17-D8B0588C92A6}"
EndProject
Project("{FAE04EC0-301F-11D3-BF4B-00C04F79EFBC}") = "Biblioteca.BE", "Biblioteca.BE\Biblioteca.BE.csproj", "{248F294A-CEF6-46E5-AD62-637F25CE221C}"
EndProject
Project("{FAE04EC0-301F-11D3-BF4B-00C04F79EFBC}") = "Biblioteca.BC", "Biblioteca.BC\Biblioteca.BC.csproj", "{8E53828D-8199-4A3C-BC95-D68FD2DF85C6}"
EndProject
Project("{FAE04EC0-301F-11D3-BF4B-00C04F79EFBC}") = "Biblioteca.DAL", "Biblioteca.DAL\Biblioteca.DAL.csproj", "{4C6DE882-ABED-424B-9ABD-6FB41D2CF0DE}"
EndProject
Global
	GlobalSection(SolutionConfigurationPlatforms) = preSolution
		Debug|Any CPU = Debug|Any CPU
		Release|Any CPU = Release|Any CPU
	EndGlobalSection
	GlobalSection(ProjectConfigurationPlatforms) = postSolution
		{5069B405-A0E2-4A24-AA17-D8B0588C92A6}.Debug|Any CPU.ActiveCfg = Debug|Any CPU
		{5069B405-A0E2-4A24-AA17-D8B0588C92A6}.Debug|Any CPU.Build.0 = Debug|Any CPU
		{5069B405-A0E2-4A24-AA17-D8B0588C92A6}.Release|Any CPU.ActiveCfg = Release|Any CPU
		{5069B405-A0E2-4A24-AA17-D8B0588C92A6}.Release|Any CPU.Build.0 = Release|Any CPU
		{248F294A-CEF6-46E5-AD62-637F25CE221C}.Debug|Any CPU.ActiveCfg = Debug|Any CPU
		{248F294A-CEF6-46E5-AD62-637F25CE221C}.Debug|Any CPU.Build.0 = Debug|Any CPU
		{248F294A-CEF6-46E5-AD62-637F25CE221C}.Release|Any CPU.ActiveCfg = Release|Any CPU
		{248F294A-CEF6-46E5-AD62-637F25CE221C}.Release|Any CPU.Build.0 = Release|Any CPU
		{8E53828D-8199-4A3C-BC95-D68FD2DF85C6}.Debug|Any CPU.ActiveCfg = Debug|Any CPU
		{8E53828D-8199-4A3C-BC95-D68FD2DF85C6}.Debug|Any CPU.Build.0 = Debug|Any CPU
		{8E53828D-8199-4A3C-BC95-D68FD2DF85C6}.Release|Any CPU.ActiveCfg = Release|Any CPU
		{8E53828D-8199-4A3C-BC95-D68FD2DF85C6}.Release|Any CPU.Build.0 = Release|Any CPU
		{4C6DE882-ABED-424B-9ABD-6FB41D2CF0DE}.Debug|Any CPU.ActiveCfg = Debug|Any CPU
		{4C6DE882-ABED-424B-9ABD-6FB41D2CF0DE}.Debug|Any CPU.Build.0 = Debug|Any CPU
		{4C6DE882-ABED-424B-9ABD-6FB41D2CF0DE}.Release|Any CPU.ActiveCfg = Release|Any CPU
		{4C6DE882-ABED-424B-9ABD-6FB41D2CF0DE}.Release|Any CPU.Build.0 = Release|Any CPU
	EndGlobalSection
	GlobalSection(SolutionProperties) = preSolution
		HideSolutionNode = FALSE
	EndGlobalSection
EndGlobal
